// !$*UTF8*$!
{
	archiveVersion = 1;
	classes = {
	};
	objectVersion = 48;
	objects = {

/* Begin PBXBuildFile section */
		1902B59A1FA8479D001CC0BC /* Signal.swift in Sources */ = {isa = PBXBuildFile; fileRef = 1902B5991FA8479D001CC0BC /* Signal.swift */; };
		1902B5A21FA84AE3001CC0BC /* BindyTests.swift in Sources */ = {isa = PBXBuildFile; fileRef = 1902B5A11FA84AE3001CC0BC /* BindyTests.swift */; };
		1902B5A41FA84AE3001CC0BC /* Bindy.framework in Frameworks */ = {isa = PBXBuildFile; fileRef = 1969D9F01FA7DC8600AA6FDB /* Bindy.framework */; };
		19488F5E1FB0F8D80004E606 /* ObserveCapable.swift in Sources */ = {isa = PBXBuildFile; fileRef = 19488F5D1FB0F8D80004E606 /* ObserveCapable.swift */; };
		19488F601FB1099B0004E606 /* ObservableValueHolder.swift in Sources */ = {isa = PBXBuildFile; fileRef = 19488F5F1FB1099B0004E606 /* ObservableValueHolder.swift */; };
		194C1EDF1FE53A4B0009D1D0 /* Bindy+UITableView.swift in Sources */ = {isa = PBXBuildFile; fileRef = 194C1EDE1FE53A4B0009D1D0 /* Bindy+UITableView.swift */; };
		194C1EE11FE53A720009D1D0 /* Bindy+UIView.swift in Sources */ = {isa = PBXBuildFile; fileRef = 194C1EE01FE53A720009D1D0 /* Bindy+UIView.swift */; };
		1969D9F51FA7DC8600AA6FDB /* Bindy.h in Headers */ = {isa = PBXBuildFile; fileRef = 1969D9F31FA7DC8600AA6FDB /* Bindy.h */; settings = {ATTRIBUTES = (Public, ); }; };
		19756CA01FA9BEC400E9CF00 /* Change.swift in Sources */ = {isa = PBXBuildFile; fileRef = 19756C9F1FA9BEC400E9CF00 /* Change.swift */; };
		19765A8B1FA7DE0700F9FCB8 /* Observable.swift in Sources */ = {isa = PBXBuildFile; fileRef = 19765A8A1FA7DE0700F9FCB8 /* Observable.swift */; };
		19765A8D1FA7DE2100F9FCB8 /* OptionalObservable.swift in Sources */ = {isa = PBXBuildFile; fileRef = 19765A8C1FA7DE2100F9FCB8 /* OptionalObservable.swift */; };
		19765A901FA7DE5D00F9FCB8 /* ObservableArray.swift in Sources */ = {isa = PBXBuildFile; fileRef = 19765A8F1FA7DE5D00F9FCB8 /* ObservableArray.swift */; };
		B7D6D1A9715E162B745B9E65 /* Pods_Bindy.framework in Frameworks */ = {isa = PBXBuildFile; fileRef = E4E8B34FBAD50D3443F6EB5C /* Pods_Bindy.framework */; };
/* End PBXBuildFile section */

/* Begin PBXContainerItemProxy section */
		1902B5A51FA84AE3001CC0BC /* PBXContainerItemProxy */ = {
			isa = PBXContainerItemProxy;
			containerPortal = 1969D9E71FA7DC8600AA6FDB /* Project object */;
			proxyType = 1;
			remoteGlobalIDString = 1969D9EF1FA7DC8600AA6FDB;
			remoteInfo = Observatory;
		};
/* End PBXContainerItemProxy section */

/* Begin PBXFileReference section */
		1902B5991FA8479D001CC0BC /* Signal.swift */ = {isa = PBXFileReference; lastKnownFileType = sourcecode.swift; path = Signal.swift; sourceTree = "<group>"; };
		1902B59F1FA84AE3001CC0BC /* BindyTests.xctest */ = {isa = PBXFileReference; explicitFileType = wrapper.cfbundle; includeInIndex = 0; path = BindyTests.xctest; sourceTree = BUILT_PRODUCTS_DIR; };
		1902B5A11FA84AE3001CC0BC /* BindyTests.swift */ = {isa = PBXFileReference; lastKnownFileType = sourcecode.swift; path = BindyTests.swift; sourceTree = "<group>"; };
		1902B5A31FA84AE3001CC0BC /* Info.plist */ = {isa = PBXFileReference; lastKnownFileType = text.plist.xml; path = Info.plist; sourceTree = "<group>"; };
		1902B5AD1FA88040001CC0BC /* Bindy.podspec */ = {isa = PBXFileReference; lastKnownFileType = text; path = Bindy.podspec; sourceTree = SOURCE_ROOT; };
		19488F5D1FB0F8D80004E606 /* ObserveCapable.swift */ = {isa = PBXFileReference; lastKnownFileType = sourcecode.swift; path = ObserveCapable.swift; sourceTree = "<group>"; };
		19488F5F1FB1099B0004E606 /* ObservableValueHolder.swift */ = {isa = PBXFileReference; lastKnownFileType = sourcecode.swift; path = ObservableValueHolder.swift; sourceTree = "<group>"; };
		194C1EDE1FE53A4B0009D1D0 /* Bindy+UITableView.swift */ = {isa = PBXFileReference; lastKnownFileType = sourcecode.swift; path = "Bindy+UITableView.swift"; sourceTree = "<group>"; };
		194C1EE01FE53A720009D1D0 /* Bindy+UIView.swift */ = {isa = PBXFileReference; lastKnownFileType = sourcecode.swift; path = "Bindy+UIView.swift"; sourceTree = "<group>"; };
		1969D9F01FA7DC8600AA6FDB /* Bindy.framework */ = {isa = PBXFileReference; explicitFileType = wrapper.framework; includeInIndex = 0; path = Bindy.framework; sourceTree = BUILT_PRODUCTS_DIR; };
		1969D9F31FA7DC8600AA6FDB /* Bindy.h */ = {isa = PBXFileReference; lastKnownFileType = sourcecode.c.h; path = Bindy.h; sourceTree = "<group>"; };
		1969D9F41FA7DC8600AA6FDB /* Info.plist */ = {isa = PBXFileReference; lastKnownFileType = text.plist.xml; path = Info.plist; sourceTree = "<group>"; };
		19756C9F1FA9BEC400E9CF00 /* Change.swift */ = {isa = PBXFileReference; lastKnownFileType = sourcecode.swift; path = Change.swift; sourceTree = "<group>"; };
		19765A8A1FA7DE0700F9FCB8 /* Observable.swift */ = {isa = PBXFileReference; lastKnownFileType = sourcecode.swift; path = Observable.swift; sourceTree = "<group>"; };
		19765A8C1FA7DE2100F9FCB8 /* OptionalObservable.swift */ = {isa = PBXFileReference; lastKnownFileType = sourcecode.swift; path = OptionalObservable.swift; sourceTree = "<group>"; };
		19765A8F1FA7DE5D00F9FCB8 /* ObservableArray.swift */ = {isa = PBXFileReference; lastKnownFileType = sourcecode.swift; path = ObservableArray.swift; sourceTree = "<group>"; };
		5CDDEB36833C1C3411D475FF /* Pods-Bindy.release.xcconfig */ = {isa = PBXFileReference; includeInIndex = 1; lastKnownFileType = text.xcconfig; name = "Pods-Bindy.release.xcconfig"; path = "Pods/Target Support Files/Pods-Bindy/Pods-Bindy.release.xcconfig"; sourceTree = "<group>"; };
		8AC52963C1522156917717FA /* Pods-Bindy.debug.xcconfig */ = {isa = PBXFileReference; includeInIndex = 1; lastKnownFileType = text.xcconfig; name = "Pods-Bindy.debug.xcconfig"; path = "Pods/Target Support Files/Pods-Bindy/Pods-Bindy.debug.xcconfig"; sourceTree = "<group>"; };
		E4E8B34FBAD50D3443F6EB5C /* Pods_Bindy.framework */ = {isa = PBXFileReference; explicitFileType = wrapper.framework; includeInIndex = 0; path = Pods_Bindy.framework; sourceTree = BUILT_PRODUCTS_DIR; };
/* End PBXFileReference section */

/* Begin PBXFrameworksBuildPhase section */
		1902B59C1FA84AE3001CC0BC /* Frameworks */ = {
			isa = PBXFrameworksBuildPhase;
			buildActionMask = 2147483647;
			files = (
				1902B5A41FA84AE3001CC0BC /* Bindy.framework in Frameworks */,
			);
			runOnlyForDeploymentPostprocessing = 0;
		};
		1969D9EC1FA7DC8600AA6FDB /* Frameworks */ = {
			isa = PBXFrameworksBuildPhase;
			buildActionMask = 2147483647;
			files = (
				B7D6D1A9715E162B745B9E65 /* Pods_Bindy.framework in Frameworks */,
			);
			runOnlyForDeploymentPostprocessing = 0;
		};
/* End PBXFrameworksBuildPhase section */

/* Begin PBXGroup section */
		06FD270D43F0638FFAEF8928 /* Pods */ = {
			isa = PBXGroup;
			children = (
				8AC52963C1522156917717FA /* Pods-Bindy.debug.xcconfig */,
				5CDDEB36833C1C3411D475FF /* Pods-Bindy.release.xcconfig */,
			);
			name = Pods;
			sourceTree = "<group>";
		};
		1902B5A01FA84AE3001CC0BC /* BindyTests */ = {
			isa = PBXGroup;
			children = (
				1902B5A11FA84AE3001CC0BC /* BindyTests.swift */,
				1902B5A31FA84AE3001CC0BC /* Info.plist */,
			);
			path = BindyTests;
			sourceTree = "<group>";
		};
		194C1EDC1FE53A220009D1D0 /* UIKit Extensions */ = {
			isa = PBXGroup;
			children = (
				194C1EDD1FE53A310009D1D0 /* UITableView */,
			);
			path = "UIKit Extensions";
			sourceTree = "<group>";
		};
		194C1EDD1FE53A310009D1D0 /* UITableView */ = {
			isa = PBXGroup;
			children = (
				194C1EDE1FE53A4B0009D1D0 /* Bindy+UITableView.swift */,
				194C1EE01FE53A720009D1D0 /* Bindy+UIView.swift */,
			);
			path = UITableView;
			sourceTree = "<group>";
		};
		1969D9E61FA7DC8600AA6FDB = {
			isa = PBXGroup;
			children = (
				1969D9F21FA7DC8600AA6FDB /* Bindy */,
				1902B5A01FA84AE3001CC0BC /* BindyTests */,
				1969D9F11FA7DC8600AA6FDB /* Products */,
				06FD270D43F0638FFAEF8928 /* Pods */,
				61737E33FB05967FDFA1E182 /* Frameworks */,
			);
			sourceTree = "<group>";
		};
		1969D9F11FA7DC8600AA6FDB /* Products */ = {
			isa = PBXGroup;
			children = (
				1969D9F01FA7DC8600AA6FDB /* Bindy.framework */,
				1902B59F1FA84AE3001CC0BC /* BindyTests.xctest */,
			);
			name = Products;
			sourceTree = "<group>";
		};
		1969D9F21FA7DC8600AA6FDB /* Bindy */ = {
			isa = PBXGroup;
			children = (
				194C1EDC1FE53A220009D1D0 /* UIKit Extensions */,
				1902B5AD1FA88040001CC0BC /* Bindy.podspec */,
				1969D9F31FA7DC8600AA6FDB /* Bindy.h */,
				1969D9F41FA7DC8600AA6FDB /* Info.plist */,
				19756C9F1FA9BEC400E9CF00 /* Change.swift */,
				19765A8A1FA7DE0700F9FCB8 /* Observable.swift */,
				19765A8C1FA7DE2100F9FCB8 /* OptionalObservable.swift */,
				19765A8F1FA7DE5D00F9FCB8 /* ObservableArray.swift */,
				1902B5991FA8479D001CC0BC /* Signal.swift */,
				19488F5D1FB0F8D80004E606 /* ObserveCapable.swift */,
				19488F5F1FB1099B0004E606 /* ObservableValueHolder.swift */,
			);
			path = Bindy;
			sourceTree = "<group>";
		};
		61737E33FB05967FDFA1E182 /* Frameworks */ = {
			isa = PBXGroup;
			children = (
				E4E8B34FBAD50D3443F6EB5C /* Pods_Bindy.framework */,
			);
			name = Frameworks;
			sourceTree = "<group>";
		};
/* End PBXGroup section */

/* Begin PBXHeadersBuildPhase section */
		1969D9ED1FA7DC8600AA6FDB /* Headers */ = {
			isa = PBXHeadersBuildPhase;
			buildActionMask = 2147483647;
			files = (
				1969D9F51FA7DC8600AA6FDB /* Bindy.h in Headers */,
			);
			runOnlyForDeploymentPostprocessing = 0;
		};
/* End PBXHeadersBuildPhase section */

/* Begin PBXNativeTarget section */
		1902B59E1FA84AE3001CC0BC /* BindyTests */ = {
			isa = PBXNativeTarget;
			buildConfigurationList = 1902B5A71FA84AE3001CC0BC /* Build configuration list for PBXNativeTarget "BindyTests" */;
			buildPhases = (
				1902B59B1FA84AE3001CC0BC /* Sources */,
				1902B59C1FA84AE3001CC0BC /* Frameworks */,
				1902B59D1FA84AE3001CC0BC /* Resources */,
			);
			buildRules = (
			);
			dependencies = (
				1902B5A61FA84AE3001CC0BC /* PBXTargetDependency */,
			);
			name = BindyTests;
			productName = ObservatoryTests;
			productReference = 1902B59F1FA84AE3001CC0BC /* BindyTests.xctest */;
			productType = "com.apple.product-type.bundle.unit-test";
		};
		1969D9EF1FA7DC8600AA6FDB /* Bindy */ = {
			isa = PBXNativeTarget;
			buildConfigurationList = 1969D9F81FA7DC8600AA6FDB /* Build configuration list for PBXNativeTarget "Bindy" */;
			buildPhases = (
				8515AF61A3DE11DDB3A8BCA9 /* [CP] Check Pods Manifest.lock */,
				1969D9EB1FA7DC8600AA6FDB /* Sources */,
				1969D9EC1FA7DC8600AA6FDB /* Frameworks */,
				1969D9ED1FA7DC8600AA6FDB /* Headers */,
				1969D9EE1FA7DC8600AA6FDB /* Resources */,
				38F71A911AEB2FC04FBB5626 /* [CP] Copy Pods Resources */,
			);
			buildRules = (
			);
			dependencies = (
			);
			name = Bindy;
			productName = Observatory;
			productReference = 1969D9F01FA7DC8600AA6FDB /* Bindy.framework */;
			productType = "com.apple.product-type.framework";
		};
/* End PBXNativeTarget section */

/* Begin PBXProject section */
		1969D9E71FA7DC8600AA6FDB /* Project object */ = {
			isa = PBXProject;
			attributes = {
				LastSwiftUpdateCheck = 0900;
				LastUpgradeCheck = 0900;
				ORGANIZATIONNAME = "Maxim Kotliar";
				TargetAttributes = {
					1902B59E1FA84AE3001CC0BC = {
						CreatedOnToolsVersion = 9.0;
						ProvisioningStyle = Automatic;
					};
					1969D9EF1FA7DC8600AA6FDB = {
						CreatedOnToolsVersion = 9.0;
						LastSwiftMigration = 0900;
						ProvisioningStyle = Automatic;
					};
				};
			};
			buildConfigurationList = 1969D9EA1FA7DC8600AA6FDB /* Build configuration list for PBXProject "Bindy" */;
			compatibilityVersion = "Xcode 8.0";
			developmentRegion = en;
			hasScannedForEncodings = 0;
			knownRegions = (
				en,
			);
			mainGroup = 1969D9E61FA7DC8600AA6FDB;
			productRefGroup = 1969D9F11FA7DC8600AA6FDB /* Products */;
			projectDirPath = "";
			projectRoot = "";
			targets = (
				1969D9EF1FA7DC8600AA6FDB /* Bindy */,
				1902B59E1FA84AE3001CC0BC /* BindyTests */,
			);
		};
/* End PBXProject section */

/* Begin PBXResourcesBuildPhase section */
		1902B59D1FA84AE3001CC0BC /* Resources */ = {
			isa = PBXResourcesBuildPhase;
			buildActionMask = 2147483647;
			files = (
			);
			runOnlyForDeploymentPostprocessing = 0;
		};
		1969D9EE1FA7DC8600AA6FDB /* Resources */ = {
			isa = PBXResourcesBuildPhase;
			buildActionMask = 2147483647;
			files = (
			);
			runOnlyForDeploymentPostprocessing = 0;
		};
/* End PBXResourcesBuildPhase section */

/* Begin PBXShellScriptBuildPhase section */
		38F71A911AEB2FC04FBB5626 /* [CP] Copy Pods Resources */ = {
			isa = PBXShellScriptBuildPhase;
			buildActionMask = 2147483647;
			files = (
			);
			inputPaths = (
			);
			name = "[CP] Copy Pods Resources";
			outputPaths = (
			);
			runOnlyForDeploymentPostprocessing = 0;
			shellPath = /bin/sh;
			shellScript = "\"${SRCROOT}/Pods/Target Support Files/Pods-Bindy/Pods-Bindy-resources.sh\"\n";
			showEnvVarsInLog = 0;
		};
		8515AF61A3DE11DDB3A8BCA9 /* [CP] Check Pods Manifest.lock */ = {
			isa = PBXShellScriptBuildPhase;
			buildActionMask = 2147483647;
			files = (
			);
			inputPaths = (
				"${PODS_PODFILE_DIR_PATH}/Podfile.lock",
				"${PODS_ROOT}/Manifest.lock",
			);
			name = "[CP] Check Pods Manifest.lock";
			outputPaths = (
				"$(DERIVED_FILE_DIR)/Pods-Bindy-checkManifestLockResult.txt",
			);
			runOnlyForDeploymentPostprocessing = 0;
			shellPath = /bin/sh;
			shellScript = "diff \"${PODS_PODFILE_DIR_PATH}/Podfile.lock\" \"${PODS_ROOT}/Manifest.lock\" > /dev/null\nif [ $? != 0 ] ; then\n    # print error to STDERR\n    echo \"error: The sandbox is not in sync with the Podfile.lock. Run 'pod install' or update your CocoaPods installation.\" >&2\n    exit 1\nfi\n# This output is used by Xcode 'outputs' to avoid re-running this script phase.\necho \"SUCCESS\" > \"${SCRIPT_OUTPUT_FILE_0}\"\n";
			showEnvVarsInLog = 0;
		};
/* End PBXShellScriptBuildPhase section */

/* Begin PBXSourcesBuildPhase section */
		1902B59B1FA84AE3001CC0BC /* Sources */ = {
			isa = PBXSourcesBuildPhase;
			buildActionMask = 2147483647;
			files = (
				1902B5A21FA84AE3001CC0BC /* BindyTests.swift in Sources */,
			);
			runOnlyForDeploymentPostprocessing = 0;
		};
		1969D9EB1FA7DC8600AA6FDB /* Sources */ = {
			isa = PBXSourcesBuildPhase;
			buildActionMask = 2147483647;
			files = (
				19765A901FA7DE5D00F9FCB8 /* ObservableArray.swift in Sources */,
				19488F5E1FB0F8D80004E606 /* ObserveCapable.swift in Sources */,
				194C1EDF1FE53A4B0009D1D0 /* Bindy+UITableView.swift in Sources */,
				19756CA01FA9BEC400E9CF00 /* Change.swift in Sources */,
				194C1EE11FE53A720009D1D0 /* Bindy+UIView.swift in Sources */,
				1902B59A1FA8479D001CC0BC /* Signal.swift in Sources */,
				19765A8D1FA7DE2100F9FCB8 /* OptionalObservable.swift in Sources */,
				19488F601FB1099B0004E606 /* ObservableValueHolder.swift in Sources */,
				19765A8B1FA7DE0700F9FCB8 /* Observable.swift in Sources */,
			);
			runOnlyForDeploymentPostprocessing = 0;
		};
/* End PBXSourcesBuildPhase section */

/* Begin PBXTargetDependency section */
		1902B5A61FA84AE3001CC0BC /* PBXTargetDependency */ = {
			isa = PBXTargetDependency;
			target = 1969D9EF1FA7DC8600AA6FDB /* Bindy */;
			targetProxy = 1902B5A51FA84AE3001CC0BC /* PBXContainerItemProxy */;
		};
/* End PBXTargetDependency section */

/* Begin XCBuildConfiguration section */
		1902B5A81FA84AE3001CC0BC /* Debug */ = {
			isa = XCBuildConfiguration;
			buildSettings = {
				CODE_SIGN_STYLE = Automatic;
				INFOPLIST_FILE = BindyTests/Info.plist;
				LD_RUNPATH_SEARCH_PATHS = "$(inherited) @executable_path/Frameworks @loader_path/Frameworks";
				PRODUCT_BUNDLE_IDENTIFIER = MaximKotliar.BindyTests;
				PRODUCT_NAME = "$(TARGET_NAME)";
				SWIFT_VERSION = 4.0;
				TARGETED_DEVICE_FAMILY = "1,2";
			};
			name = Debug;
		};
		1902B5A91FA84AE3001CC0BC /* Release */ = {
			isa = XCBuildConfiguration;
			buildSettings = {
				CODE_SIGN_STYLE = Automatic;
				INFOPLIST_FILE = BindyTests/Info.plist;
				LD_RUNPATH_SEARCH_PATHS = "$(inherited) @executable_path/Frameworks @loader_path/Frameworks";
				PRODUCT_BUNDLE_IDENTIFIER = MaximKotliar.BindyTests;
				PRODUCT_NAME = "$(TARGET_NAME)";
				SWIFT_VERSION = 4.0;
				TARGETED_DEVICE_FAMILY = "1,2";
			};
			name = Release;
		};
		1969D9F61FA7DC8600AA6FDB /* Debug */ = {
			isa = XCBuildConfiguration;
			buildSettings = {
				ALWAYS_SEARCH_USER_PATHS = NO;
				CLANG_ANALYZER_NONNULL = YES;
				CLANG_ANALYZER_NUMBER_OBJECT_CONVERSION = YES_AGGRESSIVE;
				CLANG_CXX_LANGUAGE_STANDARD = "gnu++14";
				CLANG_CXX_LIBRARY = "libc++";
				CLANG_ENABLE_MODULES = YES;
				CLANG_ENABLE_OBJC_ARC = YES;
				CLANG_WARN_BLOCK_CAPTURE_AUTORELEASING = YES;
				CLANG_WARN_BOOL_CONVERSION = YES;
				CLANG_WARN_COMMA = YES;
				CLANG_WARN_CONSTANT_CONVERSION = YES;
				CLANG_WARN_DIRECT_OBJC_ISA_USAGE = YES_ERROR;
				CLANG_WARN_DOCUMENTATION_COMMENTS = YES;
				CLANG_WARN_EMPTY_BODY = YES;
				CLANG_WARN_ENUM_CONVERSION = YES;
				CLANG_WARN_INFINITE_RECURSION = YES;
				CLANG_WARN_INT_CONVERSION = YES;
				CLANG_WARN_NON_LITERAL_NULL_CONVERSION = YES;
				CLANG_WARN_OBJC_LITERAL_CONVERSION = YES;
				CLANG_WARN_OBJC_ROOT_CLASS = YES_ERROR;
				CLANG_WARN_RANGE_LOOP_ANALYSIS = YES;
				CLANG_WARN_STRICT_PROTOTYPES = YES;
				CLANG_WARN_SUSPICIOUS_MOVE = YES;
				CLANG_WARN_UNGUARDED_AVAILABILITY = YES_AGGRESSIVE;
				CLANG_WARN_UNREACHABLE_CODE = YES;
				CLANG_WARN__DUPLICATE_METHOD_MATCH = YES;
				CODE_SIGN_IDENTITY = "iPhone Developer";
				COPY_PHASE_STRIP = NO;
				CURRENT_PROJECT_VERSION = 1;
				DEBUG_INFORMATION_FORMAT = dwarf;
				ENABLE_STRICT_OBJC_MSGSEND = YES;
				ENABLE_TESTABILITY = YES;
				GCC_C_LANGUAGE_STANDARD = gnu11;
				GCC_DYNAMIC_NO_PIC = NO;
				GCC_NO_COMMON_BLOCKS = YES;
				GCC_OPTIMIZATION_LEVEL = 0;
				GCC_PREPROCESSOR_DEFINITIONS = (
					"DEBUG=1",
					"$(inherited)",
				);
				GCC_WARN_64_TO_32_BIT_CONVERSION = YES;
				GCC_WARN_ABOUT_RETURN_TYPE = YES_ERROR;
				GCC_WARN_UNDECLARED_SELECTOR = YES;
				GCC_WARN_UNINITIALIZED_AUTOS = YES_AGGRESSIVE;
				GCC_WARN_UNUSED_FUNCTION = YES;
				GCC_WARN_UNUSED_VARIABLE = YES;
				IPHONEOS_DEPLOYMENT_TARGET = 11.0;
				MTL_ENABLE_DEBUG_INFO = YES;
				ONLY_ACTIVE_ARCH = YES;
				SDKROOT = iphoneos;
				SWIFT_ACTIVE_COMPILATION_CONDITIONS = DEBUG;
				SWIFT_OPTIMIZATION_LEVEL = "-Onone";
				VERSIONING_SYSTEM = "apple-generic";
				VERSION_INFO_PREFIX = "";
			};
			name = Debug;
		};
		1969D9F71FA7DC8600AA6FDB /* Release */ = {
			isa = XCBuildConfiguration;
			buildSettings = {
				ALWAYS_SEARCH_USER_PATHS = NO;
				CLANG_ANALYZER_NONNULL = YES;
				CLANG_ANALYZER_NUMBER_OBJECT_CONVERSION = YES_AGGRESSIVE;
				CLANG_CXX_LANGUAGE_STANDARD = "gnu++14";
				CLANG_CXX_LIBRARY = "libc++";
				CLANG_ENABLE_MODULES = YES;
				CLANG_ENABLE_OBJC_ARC = YES;
				CLANG_WARN_BLOCK_CAPTURE_AUTORELEASING = YES;
				CLANG_WARN_BOOL_CONVERSION = YES;
				CLANG_WARN_COMMA = YES;
				CLANG_WARN_CONSTANT_CONVERSION = YES;
				CLANG_WARN_DIRECT_OBJC_ISA_USAGE = YES_ERROR;
				CLANG_WARN_DOCUMENTATION_COMMENTS = YES;
				CLANG_WARN_EMPTY_BODY = YES;
				CLANG_WARN_ENUM_CONVERSION = YES;
				CLANG_WARN_INFINITE_RECURSION = YES;
				CLANG_WARN_INT_CONVERSION = YES;
				CLANG_WARN_NON_LITERAL_NULL_CONVERSION = YES;
				CLANG_WARN_OBJC_LITERAL_CONVERSION = YES;
				CLANG_WARN_OBJC_ROOT_CLASS = YES_ERROR;
				CLANG_WARN_RANGE_LOOP_ANALYSIS = YES;
				CLANG_WARN_STRICT_PROTOTYPES = YES;
				CLANG_WARN_SUSPICIOUS_MOVE = YES;
				CLANG_WARN_UNGUARDED_AVAILABILITY = YES_AGGRESSIVE;
				CLANG_WARN_UNREACHABLE_CODE = YES;
				CLANG_WARN__DUPLICATE_METHOD_MATCH = YES;
				CODE_SIGN_IDENTITY = "iPhone Developer";
				COPY_PHASE_STRIP = NO;
				CURRENT_PROJECT_VERSION = 1;
				DEBUG_INFORMATION_FORMAT = "dwarf-with-dsym";
				ENABLE_NS_ASSERTIONS = NO;
				ENABLE_STRICT_OBJC_MSGSEND = YES;
				GCC_C_LANGUAGE_STANDARD = gnu11;
				GCC_NO_COMMON_BLOCKS = YES;
				GCC_WARN_64_TO_32_BIT_CONVERSION = YES;
				GCC_WARN_ABOUT_RETURN_TYPE = YES_ERROR;
				GCC_WARN_UNDECLARED_SELECTOR = YES;
				GCC_WARN_UNINITIALIZED_AUTOS = YES_AGGRESSIVE;
				GCC_WARN_UNUSED_FUNCTION = YES;
				GCC_WARN_UNUSED_VARIABLE = YES;
				IPHONEOS_DEPLOYMENT_TARGET = 11.0;
				MTL_ENABLE_DEBUG_INFO = NO;
				SDKROOT = iphoneos;
				SWIFT_OPTIMIZATION_LEVEL = "-Owholemodule";
				VALIDATE_PRODUCT = YES;
				VERSIONING_SYSTEM = "apple-generic";
				VERSION_INFO_PREFIX = "";
			};
			name = Release;
		};
		1969D9F91FA7DC8600AA6FDB /* Debug */ = {
			isa = XCBuildConfiguration;
			baseConfigurationReference = 8AC52963C1522156917717FA /* Pods-Bindy.debug.xcconfig */;
			buildSettings = {
				CLANG_ENABLE_MODULES = YES;
				CODE_SIGN_IDENTITY = "";
				CODE_SIGN_STYLE = Automatic;
				DEFINES_MODULE = YES;
				DYLIB_COMPATIBILITY_VERSION = 1;
				DYLIB_CURRENT_VERSION = 1;
				DYLIB_INSTALL_NAME_BASE = "@rpath";
				INFOPLIST_FILE = "$(SRCROOT)/Bindy/Info.plist";
				INSTALL_PATH = "$(LOCAL_LIBRARY_DIR)/Frameworks";
				IPHONEOS_DEPLOYMENT_TARGET = 9.0;
				LD_RUNPATH_SEARCH_PATHS = "$(inherited) @executable_path/Frameworks @loader_path/Frameworks";
				PRODUCT_BUNDLE_IDENTIFIER = "MaximKotliar.-Bindy";
				PRODUCT_NAME = "$(TARGET_NAME:c99extidentifier)";
				SKIP_INSTALL = YES;
				SWIFT_OPTIMIZATION_LEVEL = "-Onone";
				SWIFT_VERSION = 3.0;
				TARGETED_DEVICE_FAMILY = "1,2";
			};
			name = Debug;
		};
		1969D9FA1FA7DC8600AA6FDB /* Release */ = {
			isa = XCBuildConfiguration;
			baseConfigurationReference = 5CDDEB36833C1C3411D475FF /* Pods-Bindy.release.xcconfig */;
			buildSettings = {
				CLANG_ENABLE_MODULES = YES;
				CODE_SIGN_IDENTITY = "";
				CODE_SIGN_STYLE = Automatic;
				DEFINES_MODULE = YES;
				DYLIB_COMPATIBILITY_VERSION = 1;
				DYLIB_CURRENT_VERSION = 1;
				DYLIB_INSTALL_NAME_BASE = "@rpath";
				INFOPLIST_FILE = "$(SRCROOT)/Bindy/Info.plist";
				INSTALL_PATH = "$(LOCAL_LIBRARY_DIR)/Frameworks";
				IPHONEOS_DEPLOYMENT_TARGET = 9.0;
				LD_RUNPATH_SEARCH_PATHS = "$(inherited) @executable_path/Frameworks @loader_path/Frameworks";
				PRODUCT_BUNDLE_IDENTIFIER = "MaximKotliar.-Bindy";
				PRODUCT_NAME = "$(TARGET_NAME:c99extidentifier)";
				SKIP_INSTALL = YES;
				SWIFT_VERSION = 3.0;
				TARGETED_DEVICE_FAMILY = "1,2";
			};
			name = Release;
		};
/* End XCBuildConfiguration section */

/* Begin XCConfigurationList section */
		1902B5A71FA84AE3001CC0BC /* Build configuration list for PBXNativeTarget "BindyTests" */ = {
			isa = XCConfigurationList;
			buildConfigurations = (
				1902B5A81FA84AE3001CC0BC /* Debug */,
				1902B5A91FA84AE3001CC0BC /* Release */,
			);
			defaultConfigurationIsVisible = 0;
			defaultConfigurationName = Release;
		};
		1969D9EA1FA7DC8600AA6FDB /* Build configuration list for PBXProject "Bindy" */ = {
			isa = XCConfigurationList;
			buildConfigurations = (
				1969D9F61FA7DC8600AA6FDB /* Debug */,
				1969D9F71FA7DC8600AA6FDB /* Release */,
			);
			defaultConfigurationIsVisible = 0;
			defaultConfigurationName = Release;
		};
		1969D9F81FA7DC8600AA6FDB /* Build configuration list for PBXNativeTarget "Bindy" */ = {
			isa = XCConfigurationList;
			buildConfigurations = (
				1969D9F91FA7DC8600AA6FDB /* Debug */,
				1969D9FA1FA7DC8600AA6FDB /* Release */,
			);
			defaultConfigurationIsVisible = 0;
			defaultConfigurationName = Release;
		};
/* End XCConfigurationList section */
	};
	rootObject = 1969D9E71FA7DC8600AA6FDB /* Project object */;
}
